
Microsoft Visual Studio Solution File, Format Version 12.00
# Visual Studio Version 17
VisualStudioVersion = 17.11.35327.3
MinimumVisualStudioVersion = 10.0.40219.1
Project("{FAE04EC0-301F-11D3-BF4B-00C04F79EFBC}") = "pairProgrammingØvelse", "pairProgrammingØvelse\pairProgrammingØvelse.csproj", "{D8DCF022-BF56-4D7F-AE00-A9F85FC504A3}"
EndProject
Project("{FAE04EC0-301F-11D3-BF4B-00C04F79EFBC}") = "RecordREST", "RecordController\RecordREST.csproj", "{EB4E1933-83B0-4A96-A23F-F020A2321578}"
EndProject
Project("{FAE04EC0-301F-11D3-BF4B-00C04F79EFBC}") = "RecordTest", "RecordTest\RecordTest.csproj", "{21D658ED-8F14-46AD-8284-7B2B18EDB11A}"
EndProject
Global
	GlobalSection(SolutionConfigurationPlatforms) = preSolution
		Debug|Any CPU = Debug|Any CPU
		Release|Any CPU = Release|Any CPU
	EndGlobalSection
	GlobalSection(ProjectConfigurationPlatforms) = postSolution
		{D8DCF022-BF56-4D7F-AE00-A9F85FC504A3}.Debug|Any CPU.ActiveCfg = Debug|Any CPU
		{D8DCF022-BF56-4D7F-AE00-A9F85FC504A3}.Debug|Any CPU.Build.0 = Debug|Any CPU
		{D8DCF022-BF56-4D7F-AE00-A9F85FC504A3}.Release|Any CPU.ActiveCfg = Release|Any CPU
		{D8DCF022-BF56-4D7F-AE00-A9F85FC504A3}.Release|Any CPU.Build.0 = Release|Any CPU
		{EB4E1933-83B0-4A96-A23F-F020A2321578}.Debug|Any CPU.ActiveCfg = Debug|Any CPU
		{EB4E1933-83B0-4A96-A23F-F020A2321578}.Debug|Any CPU.Build.0 = Debug|Any CPU
		{EB4E1933-83B0-4A96-A23F-F020A2321578}.Release|Any CPU.ActiveCfg = Release|Any CPU
		{EB4E1933-83B0-4A96-A23F-F020A2321578}.Release|Any CPU.Build.0 = Release|Any CPU
		{21D658ED-8F14-46AD-8284-7B2B18EDB11A}.Debug|Any CPU.ActiveCfg = Debug|Any CPU
		{21D658ED-8F14-46AD-8284-7B2B18EDB11A}.Debug|Any CPU.Build.0 = Debug|Any CPU
		{21D658ED-8F14-46AD-8284-7B2B18EDB11A}.Release|Any CPU.ActiveCfg = Release|Any CPU
		{21D658ED-8F14-46AD-8284-7B2B18EDB11A}.Release|Any CPU.Build.0 = Release|Any CPU
	EndGlobalSection
	GlobalSection(SolutionProperties) = preSolution
		HideSolutionNode = FALSE
	EndGlobalSection
	GlobalSection(ExtensibilityGlobals) = postSolution
		SolutionGuid = {A09F0104-CF07-4F68-9E1A-B528E4112999}
	EndGlobalSection
EndGlobal
